
Microsoft Visual Studio Solution File, Format Version 12.00
# Visual Studio 15
VisualStudioVersion = 15.0.26730.12
MinimumVisualStudioVersion = 10.0.40219.1
Project("{888888A0-9F3D-457C-B088-3A5042F75D52}") = "DjangoWebProject1", "DjangoWebProject1\DjangoWebProject1.pyproj", "{EFDC5311-3379-4EF4-83F3-C176239C3F09}"
EndProject
Project("{2150E333-8FDC-42A3-9474-1A3956D46DE8}") = "Application", "Application", "{48634357-D0F2-42D1-9D99-200E32CB2279}"
EndProject
Global
	GlobalSection(SolutionConfigurationPlatforms) = preSolution
		Debug|Any CPU = Debug|Any CPU
		Release|Any CPU = Release|Any CPU
	EndGlobalSection
	GlobalSection(ProjectConfigurationPlatforms) = postSolution
		{EFDC5311-3379-4EF4-83F3-C176239C3F09}.Debug|Any CPU.ActiveCfg = Debug|Any CPU
		{EFDC5311-3379-4EF4-83F3-C176239C3F09}.Debug|Any CPU.Build.0 = Debug|Any CPU
		{EFDC5311-3379-4EF4-83F3-C176239C3F09}.Release|Any CPU.ActiveCfg = Release|Any CPU
		{EFDC5311-3379-4EF4-83F3-C176239C3F09}.Release|Any CPU.Build.0 = Release|Any CPU
	EndGlobalSection
	GlobalSection(SolutionProperties) = preSolution
		HideSolutionNode = FALSE
	EndGlobalSection
	GlobalSection(ExtensibilityGlobals) = postSolution
		SolutionGuid = {6DE49CEE-4566-453B-9406-5792214DAA01}
	EndGlobalSection
EndGlobal
